// !$*UTF8*$!
{
	archiveVersion = 1;
	classes = {
	};
	objectVersion = 56;
	objects = {

/* Begin PBXBuildFile section */
		3332CB5D2AAB4618002A74E8 /* AppDelegate.swift in Sources */ = {isa = PBXBuildFile; fileRef = 3332CB5C2AAB4618002A74E8 /* AppDelegate.swift */; };
		3332CB5F2AAB4618002A74E8 /* SceneDelegate.swift in Sources */ = {isa = PBXBuildFile; fileRef = 3332CB5E2AAB4618002A74E8 /* SceneDelegate.swift */; };
		3332CB612AAB4618002A74E8 /* ViewController.swift in Sources */ = {isa = PBXBuildFile; fileRef = 3332CB602AAB4618002A74E8 /* ViewController.swift */; };
		3332CB662AAB4619002A74E8 /* Assets.xcassets in Resources */ = {isa = PBXBuildFile; fileRef = 3332CB652AAB4619002A74E8 /* Assets.xcassets */; };
		3332CB692AAB4619002A74E8 /* LaunchScreen.storyboard in Resources */ = {isa = PBXBuildFile; fileRef = 3332CB672AAB4619002A74E8 /* LaunchScreen.storyboard */; };
		3332CB712AAB48F0002A74E8 /* ImageUrl.swift in Sources */ = {isa = PBXBuildFile; fileRef = 3332CB702AAB48F0002A74E8 /* ImageUrl.swift */; };
		3332CB762AAB4C0D002A74E8 /* Alamofire in Frameworks */ = {isa = PBXBuildFile; productRef = 3332CB752AAB4C0D002A74E8 /* Alamofire */; };
		3332CB792AAB4C16002A74E8 /* SnapKit in Frameworks */ = {isa = PBXBuildFile; productRef = 3332CB782AAB4C16002A74E8 /* SnapKit */; };
/* End PBXBuildFile section */

/* Begin PBXFileReference section */
		3332CB592AAB4618002A74E8 /* Concurrency_Programming.app */ = {isa = PBXFileReference; explicitFileType = wrapper.application; includeInIndex = 0; path = Concurrency_Programming.app; sourceTree = BUILT_PRODUCTS_DIR; };
		3332CB5C2AAB4618002A74E8 /* AppDelegate.swift */ = {isa = PBXFileReference; lastKnownFileType = sourcecode.swift; path = AppDelegate.swift; sourceTree = "<group>"; };
		3332CB5E2AAB4618002A74E8 /* SceneDelegate.swift */ = {isa = PBXFileReference; lastKnownFileType = sourcecode.swift; path = SceneDelegate.swift; sourceTree = "<group>"; };
		3332CB602AAB4618002A74E8 /* ViewController.swift */ = {isa = PBXFileReference; lastKnownFileType = sourcecode.swift; path = ViewController.swift; sourceTree = "<group>"; };
		3332CB652AAB4619002A74E8 /* Assets.xcassets */ = {isa = PBXFileReference; lastKnownFileType = folder.assetcatalog; path = Assets.xcassets; sourceTree = "<group>"; };
		3332CB682AAB4619002A74E8 /* Base */ = {isa = PBXFileReference; lastKnownFileType = file.storyboard; name = Base; path = Base.lproj/LaunchScreen.storyboard; sourceTree = "<group>"; };
		3332CB6A2AAB4619002A74E8 /* Info.plist */ = {isa = PBXFileReference; lastKnownFileType = text.plist.xml; path = Info.plist; sourceTree = "<group>"; };
		3332CB702AAB48F0002A74E8 /* ImageUrl.swift */ = {isa = PBXFileReference; lastKnownFileType = sourcecode.swift; path = ImageUrl.swift; sourceTree = "<group>"; };
/* End PBXFileReference section */

/* Begin PBXFrameworksBuildPhase section */
		3332CB562AAB4618002A74E8 /* Frameworks */ = {
			isa = PBXFrameworksBuildPhase;
			buildActionMask = 2147483647;
			files = (
				3332CB762AAB4C0D002A74E8 /* Alamofire in Frameworks */,
				3332CB792AAB4C16002A74E8 /* SnapKit in Frameworks */,
			);
			runOnlyForDeploymentPostprocessing = 0;
		};
/* End PBXFrameworksBuildPhase section */

/* Begin PBXGroup section */
		3332CB502AAB4618002A74E8 = {
			isa = PBXGroup;
			children = (
				3332CB5B2AAB4618002A74E8 /* Concurrency_Programming */,
				3332CB5A2AAB4618002A74E8 /* Products */,
			);
			sourceTree = "<group>";
		};
		3332CB5A2AAB4618002A74E8 /* Products */ = {
			isa = PBXGroup;
			children = (
				3332CB592AAB4618002A74E8 /* Concurrency_Programming.app */,
			);
			name = Products;
			sourceTree = "<group>";
		};
		3332CB5B2AAB4618002A74E8 /* Concurrency_Programming */ = {
			isa = PBXGroup;
			children = (
				3332CB5C2AAB4618002A74E8 /* AppDelegate.swift */,
				3332CB5E2AAB4618002A74E8 /* SceneDelegate.swift */,
				3332CB722AAB4902002A74E8 /* Models */,
				3332CB732AAB490E002A74E8 /* Scenes */,
				3332CB652AAB4619002A74E8 /* Assets.xcassets */,
				3332CB672AAB4619002A74E8 /* LaunchScreen.storyboard */,
				3332CB6A2AAB4619002A74E8 /* Info.plist */,
			);
			path = Concurrency_Programming;
			sourceTree = "<group>";
		};
		3332CB722AAB4902002A74E8 /* Models */ = {
			isa = PBXGroup;
			children = (
				3332CB702AAB48F0002A74E8 /* ImageUrl.swift */,
			);
			path = Models;
			sourceTree = "<group>";
		};
		3332CB732AAB490E002A74E8 /* Scenes */ = {
			isa = PBXGroup;
			children = (
				3332CB602AAB4618002A74E8 /* ViewController.swift */,
			);
			path = Scenes;
			sourceTree = "<group>";
		};
/* End PBXGroup section */

/* Begin PBXNativeTarget section */
		3332CB582AAB4618002A74E8 /* Concurrency_Programming */ = {
			isa = PBXNativeTarget;
			buildConfigurationList = 3332CB6D2AAB4619002A74E8 /* Build configuration list for PBXNativeTarget "Concurrency_Programming" */;
			buildPhases = (
				3332CB552AAB4618002A74E8 /* Sources */,
				3332CB562AAB4618002A74E8 /* Frameworks */,
				3332CB572AAB4618002A74E8 /* Resources */,
			);
			buildRules = (
			);
			dependencies = (
			);
			name = Concurrency_Programming;
			packageProductDependencies = (
				3332CB752AAB4C0D002A74E8 /* Alamofire */,
				3332CB782AAB4C16002A74E8 /* SnapKit */,
			);
			productName = Concurrency_Programming;
			productReference = 3332CB592AAB4618002A74E8 /* Concurrency_Programming.app */;
			productType = "com.apple.product-type.application";
		};
/* End PBXNativeTarget section */

/* Begin PBXProject section */
		3332CB512AAB4618002A74E8 /* Project object */ = {
			isa = PBXProject;
			attributes = {
				BuildIndependentTargetsInParallel = 1;
				LastSwiftUpdateCheck = 1430;
				LastUpgradeCheck = 1430;
				TargetAttributes = {
					3332CB582AAB4618002A74E8 = {
						CreatedOnToolsVersion = 14.3.1;
					};
				};
			};
			buildConfigurationList = 3332CB542AAB4618002A74E8 /* Build configuration list for PBXProject "Concurrency_Programming" */;
			compatibilityVersion = "Xcode 14.0";
			developmentRegion = en;
			hasScannedForEncodings = 0;
			knownRegions = (
				en,
				Base,
			);
			mainGroup = 3332CB502AAB4618002A74E8;
			packageReferences = (
				3332CB742AAB4C0D002A74E8 /* XCRemoteSwiftPackageReference "Alamofire" */,
				3332CB772AAB4C16002A74E8 /* XCRemoteSwiftPackageReference "SnapKit" */,
			);
			productRefGroup = 3332CB5A2AAB4618002A74E8 /* Products */;
			projectDirPath = "";
			projectRoot = "";
			targets = (
				3332CB582AAB4618002A74E8 /* Concurrency_Programming */,
			);
		};
/* End PBXProject section */

/* Begin PBXResourcesBuildPhase section */
		3332CB572AAB4618002A74E8 /* Resources */ = {
			isa = PBXResourcesBuildPhase;
			buildActionMask = 2147483647;
			files = (
				3332CB692AAB4619002A74E8 /* LaunchScreen.storyboard in Resources */,
				3332CB662AAB4619002A74E8 /* Assets.xcassets in Resources */,
			);
			runOnlyForDeploymentPostprocessing = 0;
		};
/* End PBXResourcesBuildPhase section */

/* Begin PBXSourcesBuildPhase section */
		3332CB552AAB4618002A74E8 /* Sources */ = {
			isa = PBXSourcesBuildPhase;
			buildActionMask = 2147483647;
			files = (
				3332CB612AAB4618002A74E8 /* ViewController.swift in Sources */,
				3332CB5D2AAB4618002A74E8 /* AppDelegate.swift in Sources */,
				3332CB5F2AAB4618002A74E8 /* SceneDelegate.swift in Sources */,
				3332CB712AAB48F0002A74E8 /* ImageUrl.swift in Sources */,
			);
			runOnlyForDeploymentPostprocessing = 0;
		};
/* End PBXSourcesBuildPhase section */

/* Begin PBXVariantGroup section */
		3332CB672AAB4619002A74E8 /* LaunchScreen.storyboard */ = {
			isa = PBXVariantGroup;
			children = (
				3332CB682AAB4619002A74E8 /* Base */,
			);
			name = LaunchScreen.storyboard;
			sourceTree = "<group>";
		};
/* End PBXVariantGroup section */

/* Begin XCBuildConfiguration section */
		3332CB6B2AAB4619002A74E8 /* Debug */ = {
			isa = XCBuildConfiguration;
			buildSettings = {
				ALWAYS_SEARCH_USER_PATHS = NO;
				CLANG_ANALYZER_NONNULL = YES;
				CLANG_ANALYZER_NUMBER_OBJECT_CONVERSION = YES_AGGRESSIVE;
				CLANG_CXX_LANGUAGE_STANDARD = "gnu++20";
				CLANG_ENABLE_MODULES = YES;
				CLANG_ENABLE_OBJC_ARC = YES;
				CLANG_ENABLE_OBJC_WEAK = YES;
				CLANG_WARN_BLOCK_CAPTURE_AUTORELEASING = YES;
				CLANG_WARN_BOOL_CONVERSION = YES;
				CLANG_WARN_COMMA = YES;
				CLANG_WARN_CONSTANT_CONVERSION = YES;
				CLANG_WARN_DEPRECATED_OBJC_IMPLEMENTATIONS = YES;
				CLANG_WARN_DIRECT_OBJC_ISA_USAGE = YES_ERROR;
				CLANG_WARN_DOCUMENTATION_COMMENTS = YES;
				CLANG_WARN_EMPTY_BODY = YES;
				CLANG_WARN_ENUM_CONVERSION = YES;
				CLANG_WARN_INFINITE_RECURSION = YES;
				CLANG_WARN_INT_CONVERSION = YES;
				CLANG_WARN_NON_LITERAL_NULL_CONVERSION = YES;
				CLANG_WARN_OBJC_IMPLICIT_RETAIN_SELF = YES;
				CLANG_WARN_OBJC_LITERAL_CONVERSION = YES;
				CLANG_WARN_OBJC_ROOT_CLASS = YES_ERROR;
				CLANG_WARN_QUOTED_INCLUDE_IN_FRAMEWORK_HEADER = YES;
				CLANG_WARN_RANGE_LOOP_ANALYSIS = YES;
				CLANG_WARN_STRICT_PROTOTYPES = YES;
				CLANG_WARN_SUSPICIOUS_MOVE = YES;
				CLANG_WARN_UNGUARDED_AVAILABILITY = YES_AGGRESSIVE;
				CLANG_WARN_UNREACHABLE_CODE = YES;
				CLANG_WARN__DUPLICATE_METHOD_MATCH = YES;
				COPY_PHASE_STRIP = NO;
				DEBUG_INFORMATION_FORMAT = dwarf;
				ENABLE_STRICT_OBJC_MSGSEND = YES;
				ENABLE_TESTABILITY = YES;
				GCC_C_LANGUAGE_STANDARD = gnu11;
				GCC_DYNAMIC_NO_PIC = NO;
				GCC_NO_COMMON_BLOCKS = YES;
				GCC_OPTIMIZATION_LEVEL = 0;
				GCC_PREPROCESSOR_DEFINITIONS = (
					"DEBUG=1",
					"$(inherited)",
				);
				GCC_WARN_64_TO_32_BIT_CONVERSION = YES;
				GCC_WARN_ABOUT_RETURN_TYPE = YES_ERROR;
				GCC_WARN_UNDECLARED_SELECTOR = YES;
				GCC_WARN_UNINITIALIZED_AUTOS = YES_AGGRESSIVE;
				GCC_WARN_UNUSED_FUNCTION = YES;
				GCC_WARN_UNUSED_VARIABLE = YES;
				IPHONEOS_DEPLOYMENT_TARGET = 16.4;
				MTL_ENABLE_DEBUG_INFO = INCLUDE_SOURCE;
				MTL_FAST_MATH = YES;
				ONLY_ACTIVE_ARCH = YES;
				SDKROOT = iphoneos;
				SWIFT_ACTIVE_COMPILATION_CONDITIONS = DEBUG;
				SWIFT_OPTIMIZATION_LEVEL = "-Onone";
			};
			name = Debug;
		};
		3332CB6C2AAB4619002A74E8 /* Release */ = {
			isa = XCBuildConfiguration;
			buildSettings = {
				ALWAYS_SEARCH_USER_PATHS = NO;
				CLANG_ANALYZER_NONNULL = YES;
				CLANG_ANALYZER_NUMBER_OBJECT_CONVERSION = YES_AGGRESSIVE;
				CLANG_CXX_LANGUAGE_STANDARD = "gnu++20";
				CLANG_ENABLE_MODULES = YES;
				CLANG_ENABLE_OBJC_ARC = YES;
				CLANG_ENABLE_OBJC_WEAK = YES;
				CLANG_WARN_BLOCK_CAPTURE_AUTORELEASING = YES;
				CLANG_WARN_BOOL_CONVERSION = YES;
				CLANG_WARN_COMMA = YES;
				CLANG_WARN_CONSTANT_CONVERSION = YES;
				CLANG_WARN_DEPRECATED_OBJC_IMPLEMENTATIONS = YES;
				CLANG_WARN_DIRECT_OBJC_ISA_USAGE = YES_ERROR;
				CLANG_WARN_DOCUMENTATION_COMMENTS = YES;
				CLANG_WARN_EMPTY_BODY = YES;
				CLANG_WARN_ENUM_CONVERSION = YES;
				CLANG_WARN_INFINITE_RECURSION = YES;
				CLANG_WARN_INT_CONVERSION = YES;
				CLANG_WARN_NON_LITERAL_NULL_CONVERSION = YES;
				CLANG_WARN_OBJC_IMPLICIT_RETAIN_SELF = YES;
				CLANG_WARN_OBJC_LITERAL_CONVERSION = YES;
				CLANG_WARN_OBJC_ROOT_CLASS = YES_ERROR;
				CLANG_WARN_QUOTED_INCLUDE_IN_FRAMEWORK_HEADER = YES;
				CLANG_WARN_RANGE_LOOP_ANALYSIS = YES;
				CLANG_WARN_STRICT_PROTOTYPES = YES;
				CLANG_WARN_SUSPICIOUS_MOVE = YES;
				CLANG_WARN_UNGUARDED_AVAILABILITY = YES_AGGRESSIVE;
				CLANG_WARN_UNREACHABLE_CODE = YES;
				CLANG_WARN__DUPLICATE_METHOD_MATCH = YES;
				COPY_PHASE_STRIP = NO;
				DEBUG_INFORMATION_FORMAT = "dwarf-with-dsym";
				ENABLE_NS_ASSERTIONS = NO;
				ENABLE_STRICT_OBJC_MSGSEND = YES;
				GCC_C_LANGUAGE_STANDARD = gnu11;
				GCC_NO_COMMON_BLOCKS = YES;
				GCC_WARN_64_TO_32_BIT_CONVERSION = YES;
				GCC_WARN_ABOUT_RETURN_TYPE = YES_ERROR;
				GCC_WARN_UNDECLARED_SELECTOR = YES;
				GCC_WARN_UNINITIALIZED_AUTOS = YES_AGGRESSIVE;
				GCC_WARN_UNUSED_FUNCTION = YES;
				GCC_WARN_UNUSED_VARIABLE = YES;
				IPHONEOS_DEPLOYMENT_TARGET = 16.4;
				MTL_ENABLE_DEBUG_INFO = NO;
				MTL_FAST_MATH = YES;
				SDKROOT = iphoneos;
				SWIFT_COMPILATION_MODE = wholemodule;
				SWIFT_OPTIMIZATION_LEVEL = "-O";
				VALIDATE_PRODUCT = YES;
			};
			name = Release;
		};
		3332CB6E2AAB4619002A74E8 /* Debug */ = {
			isa = XCBuildConfiguration;
			buildSettings = {
				ASSETCATALOG_COMPILER_APPICON_NAME = AppIcon;
				ASSETCATALOG_COMPILER_GLOBAL_ACCENT_COLOR_NAME = AccentColor;
				CODE_SIGN_STYLE = Automatic;
				CURRENT_PROJECT_VERSION = 1;
				DEVELOPMENT_TEAM = HJ943JVKX7;
				GENERATE_INFOPLIST_FILE = YES;
				INFOPLIST_FILE = Concurrency_Programming/Info.plist;
				INFOPLIST_KEY_UIApplicationSupportsIndirectInputEvents = YES;
				INFOPLIST_KEY_UILaunchStoryboardName = LaunchScreen;
				INFOPLIST_KEY_UISupportedInterfaceOrientations_iPad = "UIInterfaceOrientationPortrait UIInterfaceOrientationPortraitUpsideDown UIInterfaceOrientationLandscapeLeft UIInterfaceOrientationLandscapeRight";
				INFOPLIST_KEY_UISupportedInterfaceOrientations_iPhone = "UIInterfaceOrientationPortrait UIInterfaceOrientationLandscapeLeft UIInterfaceOrientationLandscapeRight";
				LD_RUNPATH_SEARCH_PATHS = (
					"$(inherited)",
					"@executable_path/Frameworks",
				);
				MARKETING_VERSION = 1.0;
				PRODUCT_BUNDLE_IDENTIFIER = "z-wook.Concurrency-Programming";
				PRODUCT_NAME = "$(TARGET_NAME)";
				SUPPORTED_PLATFORMS = "iphoneos iphonesimulator";
				SUPPORTS_MACCATALYST = NO;
				SUPPORTS_MAC_DESIGNED_FOR_IPHONE_IPAD = NO;
				SWIFT_EMIT_LOC_STRINGS = YES;
				SWIFT_VERSION = 5.0;
				TARGETED_DEVICE_FAMILY = "1,2";
			};
			name = Debug;
		};
		3332CB6F2AAB4619002A74E8 /* Release */ = {
			isa = XCBuildConfiguration;
			buildSettings = {
				ASSETCATALOG_COMPILER_APPICON_NAME = AppIcon;
				ASSETCATALOG_COMPILER_GLOBAL_ACCENT_COLOR_NAME = AccentColor;
				CODE_SIGN_STYLE = Automatic;
				CURRENT_PROJECT_VERSION = 1;
				DEVELOPMENT_TEAM = HJ943JVKX7;
				GENERATE_INFOPLIST_FILE = YES;
				INFOPLIST_FILE = Concurrency_Programming/Info.plist;
				INFOPLIST_KEY_UIApplicationSupportsIndirectInputEvents = YES;
				INFOPLIST_KEY_UILaunchStoryboardName = LaunchScreen;
				INFOPLIST_KEY_UISupportedInterfaceOrientations_iPad = "UIInterfaceOrientationPortrait UIInterfaceOrientationPortraitUpsideDown UIInterfaceOrientationLandscapeLeft UIInterfaceOrientationLandscapeRight";
				INFOPLIST_KEY_UISupportedInterfaceOrientations_iPhone = "UIInterfaceOrientationPortrait UIInterfaceOrientationLandscapeLeft UIInterfaceOrientationLandscapeRight";
				LD_RUNPATH_SEARCH_PATHS = (
					"$(inherited)",
					"@executable_path/Frameworks",
				);
				MARKETING_VERSION = 1.0;
				PRODUCT_BUNDLE_IDENTIFIER = "z-wook.Concurrency-Programming";
				PRODUCT_NAME = "$(TARGET_NAME)";
				SUPPORTED_PLATFORMS = "iphoneos iphonesimulator";
				SUPPORTS_MACCATALYST = NO;
				SUPPORTS_MAC_DESIGNED_FOR_IPHONE_IPAD = NO;
				SWIFT_EMIT_LOC_STRINGS = YES;
				SWIFT_VERSION = 5.0;
				TARGETED_DEVICE_FAMILY = "1,2";
			};
			name = Release;
		};
/* End XCBuildConfiguration section */

/* Begin XCConfigurationList section */
		3332CB542AAB4618002A74E8 /* Build configuration list for PBXProject "Concurrency_Programming" */ = {
			isa = XCConfigurationList;
			buildConfigurations = (
				3332CB6B2AAB4619002A74E8 /* Debug */,
				3332CB6C2AAB4619002A74E8 /* Release */,
			);
			defaultConfigurationIsVisible = 0;
			defaultConfigurationName = Release;
		};
		3332CB6D2AAB4619002A74E8 /* Build configuration list for PBXNativeTarget "Concurrency_Programming" */ = {
			isa = XCConfigurationList;
			buildConfigurations = (
				3332CB6E2AAB4619002A74E8 /* Debug */,
				3332CB6F2AAB4619002A74E8 /* Release */,
			);
			defaultConfigurationIsVisible = 0;
			defaultConfigurationName = Release;
		};
/* End XCConfigurationList section */

/* Begin XCRemoteSwiftPackageReference section */
		3332CB742AAB4C0D002A74E8 /* XCRemoteSwiftPackageReference "Alamofire" */ = {
			isa = XCRemoteSwiftPackageReference;
			repositoryURL = "https://github.com/Alamofire/Alamofire";
			requirement = {
				kind = upToNextMajorVersion;
				minimumVersion = 5.0.0;
			};
		};
		3332CB772AAB4C16002A74E8 /* XCRemoteSwiftPackageReference "SnapKit" */ = {
			isa = XCRemoteSwiftPackageReference;
			repositoryURL = "https://github.com/SnapKit/SnapKit";
			requirement = {
				kind = upToNextMajorVersion;
				minimumVersion = 5.0.0;
			};
		};
/* End XCRemoteSwiftPackageReference section */

/* Begin XCSwiftPackageProductDependency section */
		3332CB752AAB4C0D002A74E8 /* Alamofire */ = {
			isa = XCSwiftPackageProductDependency;
			package = 3332CB742AAB4C0D002A74E8 /* XCRemoteSwiftPackageReference "Alamofire" */;
			productName = Alamofire;
		};
		3332CB782AAB4C16002A74E8 /* SnapKit */ = {
			isa = XCSwiftPackageProductDependency;
			package = 3332CB772AAB4C16002A74E8 /* XCRemoteSwiftPackageReference "SnapKit" */;
			productName = SnapKit;
		};
/* End XCSwiftPackageProductDependency section */
	};
	rootObject = 3332CB512AAB4618002A74E8 /* Project object */;
}
